
Microsoft Visual Studio Solution File, Format Version 12.00
# Visual Studio 2013
VisualStudioVersion = 12.0.30110.0
MinimumVisualStudioVersion = 10.0.40219.1
Project("{FAE04EC0-301F-11D3-BF4B-00C04F79EFBC}") = "IisExpressWebServer", "IisExpressWebServer\IisExpressWebServer.csproj", "{0F7D0621-CEA3-4349-A1BE-35DCC9EB0803}"
EndProject
Project("{2150E333-8FDC-42A3-9474-1A3956D46DE8}") = "Solution Items", "Solution Items", "{D14342C5-7A29-402E-9DF1-0DE2E8773E27}"
	ProjectSection(SolutionItems) = preProject
		LICENSE = LICENSE
		README.md = README.md
	EndProjectSection
EndProject
Project("{2150E333-8FDC-42A3-9474-1A3956D46DE8}") = "nuget", "nuget", "{54D309A9-E9BD-44CC-ADF3-5B1BD122EB74}"
	ProjectSection(SolutionItems) = preProject
		nuget\createnugetpackage.bat = nuget\createnugetpackage.bat
		nuget\NuGet.exe = nuget\NuGet.exe
	EndProjectSection
EndProject
Global
	GlobalSection(SolutionConfigurationPlatforms) = preSolution
		Debug|Any CPU = Debug|Any CPU
		Release|Any CPU = Release|Any CPU
	EndGlobalSection
	GlobalSection(ProjectConfigurationPlatforms) = postSolution
		{0F7D0621-CEA3-4349-A1BE-35DCC9EB0803}.Debug|Any CPU.ActiveCfg = Debug|Any CPU
		{0F7D0621-CEA3-4349-A1BE-35DCC9EB0803}.Debug|Any CPU.Build.0 = Debug|Any CPU
		{0F7D0621-CEA3-4349-A1BE-35DCC9EB0803}.Release|Any CPU.ActiveCfg = Release|Any CPU
		{0F7D0621-CEA3-4349-A1BE-35DCC9EB0803}.Release|Any CPU.Build.0 = Release|Any CPU
	EndGlobalSection
	GlobalSection(SolutionProperties) = preSolution
		HideSolutionNode = FALSE
	EndGlobalSection
EndGlobal
